<?xml version="1.0" encoding="utf-8"?>
<Project ToolsVersion="4.0" xmlns="http://schemas.microsoft.com/developer/msbuild/2003">
  <ItemGroup>
    <Filter Include="Source Files">
      <UniqueIdentifier>{4FC737F1-C7A5-4376-A066-2A32D752A2FF}</UniqueIdentifier>
      <Extensions>cpp;c;cc;cxx;c++;cppm;ixx;def;odl;idl;hpj;bat;asm;asmx</Extensions>
    </Filter>
    <Filter Include="Header Files">
      <UniqueIdentifier>{93995380-89BD-4b04-88EB-625FBE52EBFB}</UniqueIdentifier>
      <Extensions>h;hh;hpp;hxx;h++;hm;inl;inc;ipp;xsd</Extensions>
    </Filter>
    <Filter Include="Resource Files">
      <UniqueIdentifier>{67DA6AB6-F800-4c08-8B7A-83BB121AAD01}</UniqueIdentifier>
      <Extensions>rc;ico;cur;bmp;dlg;rc2;rct;bin;rgs;gif;jpg;jpeg;jpe;resx;tiff;tif;png;wav;mfcribbon-ms</Extensions>
    </Filter>
    <Filter Include="Header Files\DS Implementation">
      <UniqueIdentifier>{d2943ae2-1e9b-434f-998d-801f430a2b8b}</UniqueIdentifier>
    </Filter>
    <Filter Include="Header Files\System Classes">
      <UniqueIdentifier>{7a075e99-df88-429e-994b-937e8cc46ac5}</UniqueIdentifier>
    </Filter>
    <Filter Include="Source Files\System Classes">
      <UniqueIdentifier>{140c2fa6-2410-4347-883e-984ed2156538}</UniqueIdentifier>
    </Filter>
    <Filter Include="Source Files\System Classes\Processors">
      <UniqueIdentifier>{888dea24-55ac-492b-8753-cd94b6a27600}</UniqueIdentifier>
    </Filter>
    <Filter Include="Header Files\System Classes\Processors">
      <UniqueIdentifier>{cc655848-a2e6-494b-bd98-cd0ab012cee8}</UniqueIdentifier>
    </Filter>
    <Filter Include="Source Files\Input Files">
      <UniqueIdentifier>{671a75f0-6155-42ef-9dc7-fbbd056943cc}</UniqueIdentifier>
    </Filter>
  </ItemGroup>
  <ItemGroup>
    <ClInclude Include="DS Implementation\Queue\LinkedQueue.h">
      <Filter>Header Files\DS Implementation</Filter>
    </ClInclude>
    <ClInclude Include="DS Implementation\Queue\Node.h">
      <Filter>Header Files\DS Implementation</Filter>
    </ClInclude>
    <ClInclude Include="DS Implementation\Priority Queue\PriorityQueue.h">
      <Filter>Header Files\DS Implementation</Filter>
    </ClInclude>
    <ClInclude Include="DS Implementation\Pair\pair.h">
      <Filter>Header Files\DS Implementation</Filter>
    </ClInclude>
    <ClInclude Include="DS Implementation\List\List.h">
      <Filter>Header Files\DS Implementation</Filter>
    </ClInclude>
    <ClInclude Include="System Classes\Process.h">
      <Filter>Header Files\System Classes</Filter>
    </ClInclude>
    <ClInclude Include="System Classes\Scheduler.h">
      <Filter>Header Files\System Classes</Filter>
    </ClInclude>
    <ClInclude Include="System Classes\UI.h">
      <Filter>Header Files\System Classes</Filter>
    </ClInclude>
    <ClInclude Include="System Classes\Processors\FCFS_Processor.h">
      <Filter>Header Files\System Classes\Processors</Filter>
    </ClInclude>
    <ClInclude Include="System Classes\Processors\Processor.h">
      <Filter>Header Files\System Classes\Processors</Filter>
    </ClInclude>
    <ClInclude Include="System Classes\Processors\RR_Processor.h">
      <Filter>Header Files\System Classes\Processors</Filter>
    </ClInclude>
    <ClInclude Include="System Classes\Processors\SJF_Processor.h">
      <Filter>Header Files\System Classes\Processors</Filter>
    </ClInclude>
    <ClInclude Include="DS Implementation\List\PList.h">
      <Filter>Header Files\DS Implementation</Filter>
    </ClInclude>
    <ClInclude Include="DS Implementation\Priority Queue\My_PriQueue.h">
      <Filter>Header Files\DS Implementation</Filter>
    </ClInclude>
    <ClInclude Include="System Classes\Processors\EDF_Processor.h">
      <Filter>Header Files</Filter>
    </ClInclude>
  </ItemGroup>
  <ItemGroup>
    <ClCompile Include="System Classes\Scheduler.cpp">
      <Filter>Source Files\System Classes</Filter>
    </ClCompile>
    <ClCompile Include="System Classes\Process.cpp">
      <Filter>Source Files\System Classes</Filter>
    </ClCompile>
    <ClCompile Include="System Classes\Processors\FCFS_Processor.cpp">
      <Filter>Source Files\System Classes\Processors</Filter>
    </ClCompile>
    <ClCompile Include="System Classes\Processors\Processor.cpp">
      <Filter>Source Files\System Classes\Processors</Filter>
    </ClCompile>
    <ClCompile Include="System Classes\Processors\RR_Processor.cpp">
      <Filter>Source Files\System Classes\Processors</Filter>
    </ClCompile>
    <ClCompile Include="System Classes\Processors\SJF_Processor.cpp">
      <Filter>Source Files\System Classes\Processors</Filter>
    </ClCompile>
    <ClCompile Include="Source.cpp">
      <Filter>Source Files</Filter>
    </ClCompile>
    <ClCompile Include="System Classes\Processors\EDF_Processor.cpp">
      <Filter>Source Files</Filter>
    </ClCompile>
  </ItemGroup>
  <ItemGroup>
    <Text Include="InputFile1.txt" />
    <Text Include="InputFile2.txt" />
    <Text Include="InputFile3.txt" />
    <Text Include="InputFile4.txt" />
    <Text Include="InputFile5.txt" />
    <Text Include="InputFile6.txt" />
    <Text Include="InputFile7.txt" />
    <Text Include="InputFile8.txt" />
    <Text Include="InputFile9.txt" />
    <Text Include="D:\Study\2nd Term\Data Structure &amp; Algorithms\Project\Phase 2\InputFiles\TestCaseG.txt" />
  </ItemGroup>
</Project>